{
  "version": 4,
  "terraform_version": "0.12.10",
  "serial": 39,
  "lineage": "96a13436-5fef-a9d0-7b80-4226f069f211",
  "outputs": {
    "url": {
      "value": "https://my-service-eibq3fmthq-uc.a.run.app",
      "type": "string"
    }
  },
  "resources": [
    {
      "mode": "managed",
      "type": "google_project_service",
      "name": "run",
      "provider": "provider.google",
      "instances": [
        {
          "schema_version": 0,
          "attributes": {
            "disable_dependent_services": null,
            "disable_on_destroy": true,
            "id": "fourth-epigram-293718/run.googleapis.com",
            "project": "fourth-epigram-293718",
            "service": "run.googleapis.com",
            "timeouts": null
          }
        }
      ]
    }
  ]
}
